
Microsoft Visual Studio Solution File, Format Version 12.00
# Visual Studio Version 16
VisualStudioVersion = 16.0.31313.79
MinimumVisualStudioVersion = 10.0.40219.1
Project("{FAE04EC0-301F-11D3-BF4B-00C04F79EFBC}") = "pdfViewer2021", "pdfViewer2021\pdfViewer2021.csproj", "{94DA5DE2-C5C4-405D-AC79-444AC1DE246F}"
EndProject
Global
	GlobalSection(SolutionConfigurationPlatforms) = preSolution
		Debug|Any CPU = Debug|Any CPU
		Release|Any CPU = Release|Any CPU
	EndGlobalSection
	GlobalSection(ProjectConfigurationPlatforms) = postSolution
		{94DA5DE2-C5C4-405D-AC79-444AC1DE246F}.Debug|Any CPU.ActiveCfg = Debug|Any CPU
		{94DA5DE2-C5C4-405D-AC79-444AC1DE246F}.Debug|Any CPU.Build.0 = Debug|Any CPU
		{94DA5DE2-C5C4-405D-AC79-444AC1DE246F}.Release|Any CPU.ActiveCfg = Release|Any CPU
		{94DA5DE2-C5C4-405D-AC79-444AC1DE246F}.Release|Any CPU.Build.0 = Release|Any CPU
	EndGlobalSection
	GlobalSection(SolutionProperties) = preSolution
		HideSolutionNode = FALSE
	EndGlobalSection
	GlobalSection(ExtensibilityGlobals) = postSolution
		SolutionGuid = {5DE0007B-3277-412D-9ACD-FD82E673C498}
	EndGlobalSection
EndGlobal
